
Microsoft Visual Studio Solution File, Format Version 12.00
Project("{2150E333-8FDC-42A3-9474-1A3956D46DE8}") = "CRM.Chat.Api", "CRM.Chat.Api", "{E1A57B01-AFC3-4B76-B960-2634ECDC5799}"
EndProject
Project("{2150E333-8FDC-42A3-9474-1A3956D46DE8}") = "CRM.Chat.Application", "CRM.Chat.Application", "{38ACB1B7-A1D7-491F-8431-92979A016017}"
EndProject
Project("{2150E333-8FDC-42A3-9474-1A3956D46DE8}") = "CRM.Chat.Domain", "CRM.Chat.Domain", "{D6081488-D60B-41AC-BA70-5593A097B3A8}"
EndProject
Project("{2150E333-8FDC-42A3-9474-1A3956D46DE8}") = "CRM.Chat.Infrastructure", "CRM.Chat.Infrastructure", "{75577BFC-9F33-4079-8FA7-0A409609F630}"
EndProject
Project("{FAE04EC0-301F-11D3-BF4B-00C04F79EFBC}") = "CRM.Chat.Domain", "CRM.Chat.Domain\CRM.Chat.Domain.csproj", "{A1A7F468-A342-4CAE-B84D-8F6C8385AEE4}"
EndProject
Project("{FAE04EC0-301F-11D3-BF4B-00C04F79EFBC}") = "CRM.Chat.Api", "CRM.Chat.Api\CRM.Chat.Api.csproj", "{9C6AB3B9-064F-42C9-8079-1E22B647BAA0}"
EndProject
Project("{FAE04EC0-301F-11D3-BF4B-00C04F79EFBC}") = "CRM.Chat.Infrastructure", "CRM.Chat.Infrastructure\CRM.Chat.Infrastructure.csproj", "{613B8C60-5772-44BE-B59B-32FFD8E82D4A}"
EndProject
Project("{FAE04EC0-301F-11D3-BF4B-00C04F79EFBC}") = "CRM.Chat.Application", "CRM.Chat.Application\CRM.Chat.Application.csproj", "{A4688C6B-617C-42AB-8561-D0B952626679}"
EndProject
Project("{2150E333-8FDC-42A3-9474-1A3956D46DE8}") = "CRM.Chat.Persistence", "CRM.Chat.Persistence", "{A14D5B57-2E5D-4C56-B499-CB593BA28940}"
EndProject
Project("{FAE04EC0-301F-11D3-BF4B-00C04F79EFBC}") = "CRM.Chat.Persistence", "CRM.Chat.Persistence\CRM.Chat.Persistence.csproj", "{4B798F4E-0E43-492D-8952-EADD2EBD48BC}"
EndProject
Global
	GlobalSection(SolutionConfigurationPlatforms) = preSolution
		Debug|Any CPU = Debug|Any CPU
		Release|Any CPU = Release|Any CPU
	EndGlobalSection
	GlobalSection(NestedProjects) = preSolution
		{A1A7F468-A342-4CAE-B84D-8F6C8385AEE4} = {D6081488-D60B-41AC-BA70-5593A097B3A8}
		{9C6AB3B9-064F-42C9-8079-1E22B647BAA0} = {E1A57B01-AFC3-4B76-B960-2634ECDC5799}
		{613B8C60-5772-44BE-B59B-32FFD8E82D4A} = {75577BFC-9F33-4079-8FA7-0A409609F630}
		{A4688C6B-617C-42AB-8561-D0B952626679} = {38ACB1B7-A1D7-491F-8431-92979A016017}
		{4B798F4E-0E43-492D-8952-EADD2EBD48BC} = {A14D5B57-2E5D-4C56-B499-CB593BA28940}
	EndGlobalSection
	GlobalSection(ProjectConfigurationPlatforms) = postSolution
		{A1A7F468-A342-4CAE-B84D-8F6C8385AEE4}.Debug|Any CPU.ActiveCfg = Debug|Any CPU
		{A1A7F468-A342-4CAE-B84D-8F6C8385AEE4}.Debug|Any CPU.Build.0 = Debug|Any CPU
		{A1A7F468-A342-4CAE-B84D-8F6C8385AEE4}.Release|Any CPU.ActiveCfg = Release|Any CPU
		{A1A7F468-A342-4CAE-B84D-8F6C8385AEE4}.Release|Any CPU.Build.0 = Release|Any CPU
		{9C6AB3B9-064F-42C9-8079-1E22B647BAA0}.Debug|Any CPU.ActiveCfg = Debug|Any CPU
		{9C6AB3B9-064F-42C9-8079-1E22B647BAA0}.Debug|Any CPU.Build.0 = Debug|Any CPU
		{9C6AB3B9-064F-42C9-8079-1E22B647BAA0}.Release|Any CPU.ActiveCfg = Release|Any CPU
		{9C6AB3B9-064F-42C9-8079-1E22B647BAA0}.Release|Any CPU.Build.0 = Release|Any CPU
		{613B8C60-5772-44BE-B59B-32FFD8E82D4A}.Debug|Any CPU.ActiveCfg = Debug|Any CPU
		{613B8C60-5772-44BE-B59B-32FFD8E82D4A}.Debug|Any CPU.Build.0 = Debug|Any CPU
		{613B8C60-5772-44BE-B59B-32FFD8E82D4A}.Release|Any CPU.ActiveCfg = Release|Any CPU
		{613B8C60-5772-44BE-B59B-32FFD8E82D4A}.Release|Any CPU.Build.0 = Release|Any CPU
		{A4688C6B-617C-42AB-8561-D0B952626679}.Debug|Any CPU.ActiveCfg = Debug|Any CPU
		{A4688C6B-617C-42AB-8561-D0B952626679}.Debug|Any CPU.Build.0 = Debug|Any CPU
		{A4688C6B-617C-42AB-8561-D0B952626679}.Release|Any CPU.ActiveCfg = Release|Any CPU
		{A4688C6B-617C-42AB-8561-D0B952626679}.Release|Any CPU.Build.0 = Release|Any CPU
		{4B798F4E-0E43-492D-8952-EADD2EBD48BC}.Debug|Any CPU.ActiveCfg = Debug|Any CPU
		{4B798F4E-0E43-492D-8952-EADD2EBD48BC}.Debug|Any CPU.Build.0 = Debug|Any CPU
		{4B798F4E-0E43-492D-8952-EADD2EBD48BC}.Release|Any CPU.ActiveCfg = Release|Any CPU
		{4B798F4E-0E43-492D-8952-EADD2EBD48BC}.Release|Any CPU.Build.0 = Release|Any CPU
	EndGlobalSection
EndGlobal
